
Microsoft Visual Studio Solution File, Format Version 12.00
# Visual Studio 15
VisualStudioVersion = 15.0.28010.2016
MinimumVisualStudioVersion = 10.0.40219.1
Project("{FAE04EC0-301F-11D3-BF4B-00C04F79EFBC}") = "WindowsFormsApp1", "WindowsFormsApp1\WindowsFormsApp1.csproj", "{2EED03A0-0A0E-46DB-A3B9-ECBB5E8BD14F}"
EndProject
Global
	GlobalSection(SolutionConfigurationPlatforms) = preSolution
		Debug|Any CPU = Debug|Any CPU
		Release|Any CPU = Release|Any CPU
	EndGlobalSection
	GlobalSection(ProjectConfigurationPlatforms) = postSolution
		{2EED03A0-0A0E-46DB-A3B9-ECBB5E8BD14F}.Debug|Any CPU.ActiveCfg = Debug|Any CPU
		{2EED03A0-0A0E-46DB-A3B9-ECBB5E8BD14F}.Debug|Any CPU.Build.0 = Debug|Any CPU
		{2EED03A0-0A0E-46DB-A3B9-ECBB5E8BD14F}.Release|Any CPU.ActiveCfg = Release|Any CPU
		{2EED03A0-0A0E-46DB-A3B9-ECBB5E8BD14F}.Release|Any CPU.Build.0 = Release|Any CPU
	EndGlobalSection
	GlobalSection(SolutionProperties) = preSolution
		HideSolutionNode = FALSE
	EndGlobalSection
	GlobalSection(ExtensibilityGlobals) = postSolution
		SolutionGuid = {1DB73884-D92B-4CBD-A26F-B91A9722CDA2}
	EndGlobalSection
EndGlobal
